
Microsoft Visual Studio Solution File, Format Version 12.00
# Visual Studio Version 17
VisualStudioVersion = 17.9.34902.65
MinimumVisualStudioVersion = 10.0.40219.1
Project("{FAE04EC0-301F-11D3-BF4B-00C04F79EFBC}") = "AoC_2023_07", "AoC_2023_07.csproj", "{2439A4FA-518D-4723-A1A2-C5843CE1FB55}"
EndProject
Project("{FAE04EC0-301F-11D3-BF4B-00C04F79EFBC}") = "AoC_2023_07.Test", "..\AoC_2023_07.Test\AoC_2023_07.Test.csproj", "{C0036113-CAD9-4D13-94AA-B0C68D3EBA8A}"
EndProject
Global
	GlobalSection(SolutionConfigurationPlatforms) = preSolution
		Debug|Any CPU = Debug|Any CPU
		Release|Any CPU = Release|Any CPU
	EndGlobalSection
	GlobalSection(ProjectConfigurationPlatforms) = postSolution
		{2439A4FA-518D-4723-A1A2-C5843CE1FB55}.Debug|Any CPU.ActiveCfg = Debug|Any CPU
		{2439A4FA-518D-4723-A1A2-C5843CE1FB55}.Debug|Any CPU.Build.0 = Debug|Any CPU
		{2439A4FA-518D-4723-A1A2-C5843CE1FB55}.Release|Any CPU.ActiveCfg = Release|Any CPU
		{2439A4FA-518D-4723-A1A2-C5843CE1FB55}.Release|Any CPU.Build.0 = Release|Any CPU
		{C0036113-CAD9-4D13-94AA-B0C68D3EBA8A}.Debug|Any CPU.ActiveCfg = Debug|Any CPU
		{C0036113-CAD9-4D13-94AA-B0C68D3EBA8A}.Debug|Any CPU.Build.0 = Debug|Any CPU
		{C0036113-CAD9-4D13-94AA-B0C68D3EBA8A}.Release|Any CPU.ActiveCfg = Release|Any CPU
		{C0036113-CAD9-4D13-94AA-B0C68D3EBA8A}.Release|Any CPU.Build.0 = Release|Any CPU
	EndGlobalSection
	GlobalSection(SolutionProperties) = preSolution
		HideSolutionNode = FALSE
	EndGlobalSection
	GlobalSection(ExtensibilityGlobals) = postSolution
		SolutionGuid = {6E045719-0D1C-455D-9DFF-4C4B625DE6F5}
	EndGlobalSection
EndGlobal
