
Microsoft Visual Studio Solution File, Format Version 12.00
# Visual Studio Version 17
VisualStudioVersion = 17.9.34723.18
MinimumVisualStudioVersion = 10.0.40219.1
Project("{FAE04EC0-301F-11D3-BF4B-00C04F79EFBC}") = "AoC_2023_03", "AoC_2023_03.csproj", "{4753B28C-C38F-4618-8914-38182208D73F}"
EndProject
Project("{FAE04EC0-301F-11D3-BF4B-00C04F79EFBC}") = "AoC_2023_03.Test", "..\AoC_2023_03.Test\AoC_2023_03.Test.csproj", "{897F78DF-0EE3-4EC4-813D-5AB27D9EC5F6}"
EndProject
Global
	GlobalSection(SolutionConfigurationPlatforms) = preSolution
		Debug|Any CPU = Debug|Any CPU
		Release|Any CPU = Release|Any CPU
	EndGlobalSection
	GlobalSection(ProjectConfigurationPlatforms) = postSolution
		{4753B28C-C38F-4618-8914-38182208D73F}.Debug|Any CPU.ActiveCfg = Debug|Any CPU
		{4753B28C-C38F-4618-8914-38182208D73F}.Debug|Any CPU.Build.0 = Debug|Any CPU
		{4753B28C-C38F-4618-8914-38182208D73F}.Release|Any CPU.ActiveCfg = Release|Any CPU
		{4753B28C-C38F-4618-8914-38182208D73F}.Release|Any CPU.Build.0 = Release|Any CPU
		{897F78DF-0EE3-4EC4-813D-5AB27D9EC5F6}.Debug|Any CPU.ActiveCfg = Debug|Any CPU
		{897F78DF-0EE3-4EC4-813D-5AB27D9EC5F6}.Debug|Any CPU.Build.0 = Debug|Any CPU
		{897F78DF-0EE3-4EC4-813D-5AB27D9EC5F6}.Release|Any CPU.ActiveCfg = Release|Any CPU
		{897F78DF-0EE3-4EC4-813D-5AB27D9EC5F6}.Release|Any CPU.Build.0 = Release|Any CPU
	EndGlobalSection
	GlobalSection(SolutionProperties) = preSolution
		HideSolutionNode = FALSE
	EndGlobalSection
	GlobalSection(ExtensibilityGlobals) = postSolution
		SolutionGuid = {CB304AEE-3594-4704-9E4B-A7782DE5B4FD}
	EndGlobalSection
EndGlobal
