
Microsoft Visual Studio Solution File, Format Version 12.00
# Visual Studio Version 17
VisualStudioVersion = 17.9.34728.123
MinimumVisualStudioVersion = 10.0.40219.1
Project("{FAE04EC0-301F-11D3-BF4B-00C04F79EFBC}") = "AoC_2023_04", "AoC_2023_04.csproj", "{C07ADBBE-D5B6-4433-961A-7A1130987F6C}"
EndProject
Project("{9A19103F-16F7-4668-BE54-9A1E7A4F7556}") = "AoC_2023_04.Test", "..\AoC_2023_04.Test\AoC_2023_04.Test.csproj", "{F7E78E81-829E-4361-B419-38BE44664576}"
EndProject
Project("{FAE04EC0-301F-11D3-BF4B-00C04F79EFBC}") = "AoC_2023_05", "..\AoC_2023_05\AoC_2023_05.csproj", "{EAF07A5D-150A-43D2-9BFD-CA76777F6DEA}"
EndProject
Global
	GlobalSection(SolutionConfigurationPlatforms) = preSolution
		Debug|Any CPU = Debug|Any CPU
		Release|Any CPU = Release|Any CPU
	EndGlobalSection
	GlobalSection(ProjectConfigurationPlatforms) = postSolution
		{C07ADBBE-D5B6-4433-961A-7A1130987F6C}.Debug|Any CPU.ActiveCfg = Debug|Any CPU
		{C07ADBBE-D5B6-4433-961A-7A1130987F6C}.Debug|Any CPU.Build.0 = Debug|Any CPU
		{C07ADBBE-D5B6-4433-961A-7A1130987F6C}.Release|Any CPU.ActiveCfg = Release|Any CPU
		{C07ADBBE-D5B6-4433-961A-7A1130987F6C}.Release|Any CPU.Build.0 = Release|Any CPU
		{F7E78E81-829E-4361-B419-38BE44664576}.Debug|Any CPU.ActiveCfg = Debug|Any CPU
		{F7E78E81-829E-4361-B419-38BE44664576}.Debug|Any CPU.Build.0 = Debug|Any CPU
		{F7E78E81-829E-4361-B419-38BE44664576}.Release|Any CPU.ActiveCfg = Release|Any CPU
		{F7E78E81-829E-4361-B419-38BE44664576}.Release|Any CPU.Build.0 = Release|Any CPU
		{EAF07A5D-150A-43D2-9BFD-CA76777F6DEA}.Debug|Any CPU.ActiveCfg = Debug|Any CPU
		{EAF07A5D-150A-43D2-9BFD-CA76777F6DEA}.Debug|Any CPU.Build.0 = Debug|Any CPU
		{EAF07A5D-150A-43D2-9BFD-CA76777F6DEA}.Release|Any CPU.ActiveCfg = Release|Any CPU
		{EAF07A5D-150A-43D2-9BFD-CA76777F6DEA}.Release|Any CPU.Build.0 = Release|Any CPU
	EndGlobalSection
	GlobalSection(SolutionProperties) = preSolution
		HideSolutionNode = FALSE
	EndGlobalSection
	GlobalSection(ExtensibilityGlobals) = postSolution
		SolutionGuid = {9C16EBC9-83BB-40E0-AC05-BF9D96ED4563}
	EndGlobalSection
EndGlobal
